{
  "nodes": {
    "nixpkgs": {
      "locked": {
        "lastModified": 1778032093,
        "narHash": "sha256-fZ7hSQsu8W0iXC3KDy1VIiPApgisroto6RKl7HMRRAE=",
        "owner": "NixOS",
        "repo": "nixpkgs",
        "rev": "836768073cdf92f4a2542b87b4d7e9a52b701ffe",
        "type": "github"
      },
      "original": {
        "owner": "NixOS",
        "repo": "nixpkgs",
        "type": "github"
      }
    },
    "root": {
      "inputs": {
        "nixpkgs": "nixpkgs",
        "scala-cli-nix": "scala-cli-nix"
      }
    },
    "scala-cli-nix": {
      "inputs": {
        "nixpkgs": [
          "nixpkgs"
        ]
      },
      "locked": {
        "lastModified": 1778071064,
        "narHash": "sha256-y2YeykZyCWRcxSMv0lIfjuwLuseZNEDeuEQdIBttMTM=",
        "owner": "scala-nix",
        "repo": "scala-cli-nix",
        "rev": "39a2a3c18b555a83f1a05142b324f14202e9e16c",
        "type": "github"
      },
      "original": {
        "owner": "scala-nix",
        "ref": "native-support",
        "repo": "scala-cli-nix",
        "type": "github"
      }
    }
  },
  "root": "root",
  "version": 7
}
