{
  "nodes": {
    "nixpkgs": {
      "locked": {
        "lastModified": 1776380580,
        "narHash": "sha256-zXUKngj95ykHYT/MAind2WRgSs7q6HdRwepj3G5LrRY=",
        "owner": "NixOS",
        "repo": "nixpkgs",
        "rev": "86bc17644bbac227d02c28e881a42b5c2e180703",
        "type": "github"
      },
      "original": {
        "owner": "NixOS",
        "repo": "nixpkgs",
        "type": "github"
      }
    },
    "root": {
      "inputs": {
        "nixpkgs": "nixpkgs",
        "scala-cli-nix": "scala-cli-nix"
      }
    },
    "scala-cli-nix": {
      "inputs": {
        "nixpkgs": [
          "nixpkgs"
        ]
      },
      "locked": {
        "lastModified": 1776380612,
        "narHash": "sha256-+arJUkOKZoUDeMH1749crRkA5zPnoYmOopkW+U3jM7w=",
        "owner": "scala-nix",
        "repo": "scala-cli-nix",
        "rev": "04ee031c666d51f734428487b1078a6371965769",
        "type": "github"
      },
      "original": {
        "owner": "scala-nix",
        "repo": "scala-cli-nix",
        "type": "github"
      }
    }
  },
  "root": "root",
  "version": 7
}
